PODS:
  - Alamofire (4.9.1)
  - IQKeyboardManager (6.5.4)
  - Kingfisher (5.11.0):
    - Kingfisher/Core (= 5.11.0)
  - Kingfisher/Core (5.11.0)
  - Moya (13.0.1):
    - Moya/Core (= 13.0.1)
  - Moya/Core (13.0.1):
    - Alamofire (~> 4.1)
    - Result (~> 4.1)
  - Nimble (8.0.4)
  - Quick (2.2.0)
  - ReachabilitySwift (5.0.0)
  - Result (4.1.0)
  - RxBlocking (5.0.1):
    - RxSwift (~> 5)
  - RxCocoa (5.0.1):
    - RxRelay (~> 5)
    - RxSwift (~> 5)
  - RxRelay (5.0.1):
    - RxSwift (~> 5)
  - RxSwift (5.0.1)
  - RxTest (5.0.1):
    - RxSwift (~> 5)
  - SwiftKeychainWrapper (3.4.0)
  - SwiftMessages (7.0.1):
    - SwiftMessages/App (= 7.0.1)
  - SwiftMessages/App (7.0.1)
  - SwiftValidator (5.0.0)
  - SwiftyJSON (5.0.0)
  - Swinject (2.7.1)
  - SwinjectAutoregistration (2.7.0):
    - Swinject (~> 2.7)
  - SwinjectStoryboard (2.2.0):
    - Swinject (~> 2.6)

DEPENDENCIES:
  - IQKeyboardManager
  - Kingfisher (~> 5.0)
  - Moya (~> 13.0)
  - Nimble
  - Quick
  - ReachabilitySwift
  - RxBlocking (~> 5)
  - RxCocoa (~> 5)
  - RxSwift (~> 5)
  - RxTest (~> 5)
  - SwiftKeychainWrapper
  - SwiftMessages
  - SwiftValidator (from `https://github.com/Sadmansamee/SwiftValidator.git`, branch `master`)
  - SwiftyJSON
  - Swinject
  - Swinject (~> 2.7.1)
  - SwinjectAutoregistration
  - SwinjectStoryboard
  - SwinjectStoryboard (~> 2.2.0)

SPEC REPOS:
  trunk:
    - Alamofire
    - IQKeyboardManager
    - Kingfisher
    - Moya
    - Nimble
    - Quick
    - ReachabilitySwift
    - Result
    - RxBlocking
    - RxCocoa
    - RxRelay
    - RxSwift
    - RxTest
    - SwiftKeychainWrapper
    - SwiftMessages
    - SwiftyJSON
    - Swinject
    - SwinjectAutoregistration
    - SwinjectStoryboard

EXTERNAL SOURCES:
  SwiftValidator:
    :branch: master
    :git: https://github.com/Sadmansamee/SwiftValidator.git

CHECKOUT OPTIONS:
  SwiftValidator:
    :commit: 2bd1a7c3908dbc96389cf86d1331b70ef503e6d4
    :git: https://github.com/Sadmansamee/SwiftValidator.git

SPEC CHECKSUMS:
  Alamofire: 85e8a02c69d6020a0d734f6054870d7ecb75cf18
  IQKeyboardManager: 72b359cd7e777e3a984cedbe05f8da45320cbb63
  Kingfisher: 4569606189149e19c7d9439f47e885d0679b7a90
  Moya: f4a4b80ff2f8a4ffc208dfb31cd91636622fee6e
  Nimble: 18d5360282923225d62b09d781f63abc1a0111fc
  Quick: 7fb19e13be07b5dfb3b90d4f9824c855a11af40e
  ReachabilitySwift: 985039c6f7b23a1da463388634119492ff86c825
  Result: bd966fac789cc6c1563440b348ab2598cc24d5c7
  RxBlocking: c5e090f42d046df8b0e7752742510f349963710f
  RxCocoa: e741b9749968e8a143e2b787f1dfbff2b63d0a5c
  RxRelay: 89d54507f4fd4d969e6ec1d4bd7f3673640b4640
  RxSwift: e2dc62b366a3adf6a0be44ba9f405efd4c94e0c4
  RxTest: 0132f952a61da82d5233abedaa559df91e5330e5
  SwiftKeychainWrapper: 6fc49fbf7d4a6b0772917acb0e53a1639f6078d6
  SwiftMessages: b577dc7043be8b299857ab35bb663dbff6483bd0
  SwiftValidator: 2f66271b303093d9577a798759648d639078f961
  SwiftyJSON: 36413e04c44ee145039d332b4f4e2d3e8d6c4db7
  Swinject: ddf78b8486dd9b71a667b852cad919ab4484478e
  SwinjectAutoregistration: 330f5012642a8b5c89a8a4adb0c5e52df07382c0
  SwinjectStoryboard: 32512ef16c2b0ff5b8f823b23539c4a50f6d3383

PODFILE CHECKSUM: 794331319844be904d05d9a2c1eb9ba26efd9a09

COCOAPODS: 1.8.4
